
Microsoft Visual Studio Solution File, Format Version 12.00
# Visual Studio Version 17
VisualStudioVersion = 17.14.36408.4 d17.14
MinimumVisualStudioVersion = 10.0.40219.1
Project("{FAE04EC0-301F-11D3-BF4B-00C04F79EFBC}") = "Codeforces problems", "Codeforces problems\Codeforces problems.csproj", "{04109688-F0A0-4BDE-B789-16AE6B4FA936}"
EndProject
Global
	GlobalSection(SolutionConfigurationPlatforms) = preSolution
		Debug|Any CPU = Debug|Any CPU
		Release|Any CPU = Release|Any CPU
	EndGlobalSection
	GlobalSection(ProjectConfigurationPlatforms) = postSolution
		{04109688-F0A0-4BDE-B789-16AE6B4FA936}.Debug|Any CPU.ActiveCfg = Debug|Any CPU
		{04109688-F0A0-4BDE-B789-16AE6B4FA936}.Debug|Any CPU.Build.0 = Debug|Any CPU
		{04109688-F0A0-4BDE-B789-16AE6B4FA936}.Release|Any CPU.ActiveCfg = Release|Any CPU
		{04109688-F0A0-4BDE-B789-16AE6B4FA936}.Release|Any CPU.Build.0 = Release|Any CPU
	EndGlobalSection
	GlobalSection(SolutionProperties) = preSolution
		HideSolutionNode = FALSE
	EndGlobalSection
	GlobalSection(ExtensibilityGlobals) = postSolution
		SolutionGuid = {86A8498B-5761-4850-87DE-B6622976AAB2}
	EndGlobalSection
EndGlobal
